Microsoft Visual Studio Solution File, Format Version 12.00
# Visual Studio Version 17
VisualStudioVersion = 17.5.2.0
MinimumVisualStudioVersion = 10.0.40219.1
Project("{2150E333-8FDC-42A3-9474-1A3956D46DE8}") = "Transition_From_C#_To_Python_LinkedInLearning", "Transition_From_C#_To_Python_LinkedInLearning", "{E7E98C3E-20C0-0256-FD06-B41DB440B151}"
EndProject
Project("{2150E333-8FDC-42A3-9474-1A3956D46DE8}") = "Exercise Files", "Exercise Files", "{F7B506C5-6CAA-9171-4F86-342739A23851}"
EndProject
Project("{2150E333-8FDC-42A3-9474-1A3956D46DE8}") = "Ch2", "Ch2", "{E04A05E1-DA25-FC16-160C-63B1C6334AC8}"
EndProject
Project("{FAE04EC0-301F-11D3-BF4B-00C04F79EFBC}") = "FunctionsCS", "Transition_From_C#_To_Python_LinkedInLearning\Exercise Files\Ch2\FunctionsCS\FunctionsCS.csproj", "{E3FE6CFE-60D4-7184-0C16-142BA546A532}"
EndProject
Project("{2150E333-8FDC-42A3-9474-1A3956D46DE8}") = "Ch1", "Ch1", "{AB818181-6885-8C8A-513E-5571729A628F}"
EndProject
Project("{2150E333-8FDC-42A3-9474-1A3956D46DE8}") = "Challenge", "Challenge", "{A1FA5C26-22A4-7A83-E5C4-4DD179043B35}"
EndProject
Project("{FAE04EC0-301F-11D3-BF4B-00C04F79EFBC}") = "ChallengeCS", "Transition_From_C#_To_Python_LinkedInLearning\Exercise Files\Ch1\Challenge\ChallengeCS\ChallengeCS.csproj", "{39D8CD5A-4E73-0BEF-E600-4EEABFDAE929}"
EndProject
Project("{2150E333-8FDC-42A3-9474-1A3956D46DE8}") = "Conditionals", "Conditionals", "{73FF85DE-6789-2B2D-139C-4A0116351C1E}"
EndProject
Project("{FAE04EC0-301F-11D3-BF4B-00C04F79EFBC}") = "ConditionalsCS", "Transition_From_C#_To_Python_LinkedInLearning\Exercise Files\Ch1\Conditionals\ConditionalsCS\ConditionalsCS.csproj", "{20524B2F-C504-B6EF-CCF0-10E82B27101F}"
EndProject
Project("{2150E333-8FDC-42A3-9474-1A3956D46DE8}") = "HelloWorld", "HelloWorld", "{FBDDF969-5F2F-6108-7530-671A2329E9F0}"
EndProject
Project("{FAE04EC0-301F-11D3-BF4B-00C04F79EFBC}") = "HelloWorldCS", "Transition_From_C#_To_Python_LinkedInLearning\Exercise Files\Ch1\HelloWorld\HelloWorldCS\HelloWorldCS.csproj", "{18EE9D3D-E3A3-5221-2FF1-E163A027F428}"
EndProject
Project("{2150E333-8FDC-42A3-9474-1A3956D46DE8}") = "Loops", "Loops", "{8BDC7D26-89E6-1A9E-C370-5B3C2F82A52C}"
EndProject
Project("{FAE04EC0-301F-11D3-BF4B-00C04F79EFBC}") = "LoopsCS", "Transition_From_C#_To_Python_LinkedInLearning\Exercise Files\Ch1\Loops\LoopsCS\LoopsCS.csproj", "{09A68DB1-E338-C87F-1AEE-556CE55EA738}"
EndProject
Project("{2150E333-8FDC-42A3-9474-1A3956D46DE8}") = "Variables", "Variables", "{A2AC91EA-14A5-8F5D-71F1-E43999995B1B}"
EndProject
Project("{FAE04EC0-301F-11D3-BF4B-00C04F79EFBC}") = "variablesCS", "Transition_From_C#_To_Python_LinkedInLearning\Exercise Files\Ch1\Variables\variablesCS\variablesCS.csproj", "{447DE24B-0712-8DE4-B85B-5C0C1ECC38AC}"
EndProject
Project("{2150E333-8FDC-42A3-9474-1A3956D46DE8}") = "Ch3", "Ch3", "{8D84B1CB-A93E-E709-25C6-D6C9E08C7887}"
EndProject
Project("{2150E333-8FDC-42A3-9474-1A3956D46DE8}") = "Abstract", "Abstract", "{3A51F8A4-388E-8200-0DA3-2414CC8FB4D3}"
EndProject
Project("{FAE04EC0-301F-11D3-BF4B-00C04F79EFBC}") = "AbstractCS", "Transition_From_C#_To_Python_LinkedInLearning\Exercise Files\Ch3\Abstract\AbstractCS\AbstractCS.csproj", "{887E04D1-7097-46A9-86B3-F9F39FB3DFE1}"
EndProject
Project("{2150E333-8FDC-42A3-9474-1A3956D46DE8}") = "DefiningClasses", "DefiningClasses", "{974D990A-1473-44CD-63DE-79A9AE2F1A60}"
EndProject
Project("{FAE04EC0-301F-11D3-BF4B-00C04F79EFBC}") = "ClassesCS", "Transition_From_C#_To_Python_LinkedInLearning\Exercise Files\Ch3\DefiningClasses\ClassesCS\ClassesCS.csproj", "{25BA979E-A775-FD6C-95B7-0E42F9C268AC}"
EndProject
Project("{2150E333-8FDC-42A3-9474-1A3956D46DE8}") = "Inheritance", "Inheritance", "{27913D5B-2BE4-1BFB-AF13-03A5EA33B669}"
EndProject
Project("{FAE04EC0-301F-11D3-BF4B-00C04F79EFBC}") = "InheritanceCS", "Transition_From_C#_To_Python_LinkedInLearning\Exercise Files\Ch3\Inheritance\InheritanceCS\InheritanceCS.csproj", "{C2F360FD-426E-3F42-16E6-8FD6DEDDB370}"
EndProject
Project("{2150E333-8FDC-42A3-9474-1A3956D46DE8}") = "Interfaces", "Interfaces", "{EDF83802-EFAF-92DF-4863-95C255DF5282}"
EndProject
Project("{FAE04EC0-301F-11D3-BF4B-00C04F79EFBC}") = "InterfacesCS", "Transition_From_C#_To_Python_LinkedInLearning\Exercise Files\Ch3\Interfaces\InterfacesCS\InterfacesCS.csproj", "{91375555-9FC9-BA46-EC08-40B1FB3B603C}"
EndProject
Project("{2150E333-8FDC-42A3-9474-1A3956D46DE8}") = "MagicMethods", "MagicMethods", "{4AE345BC-7898-6B14-8E89-6A129CFA8173}"
EndProject
Project("{FAE04EC0-301F-11D3-BF4B-00C04F79EFBC}") = "MagicMethodsCS", "Transition_From_C#_To_Python_LinkedInLearning\Exercise Files\Ch3\MagicMethods\MagicMethodsCS\MagicMethodsCS.csproj", "{ED784744-E257-8938-6A1A-0D10A130091A}"
EndProject
Project("{2150E333-8FDC-42A3-9474-1A3956D46DE8}") = "Ch4", "Ch4", "{508D721E-893D-1643-E8B6-756201B2D46C}"
EndProject
Project("{2150E333-8FDC-42A3-9474-1A3956D46DE8}") = "ArraysAndLists", "ArraysAndLists", "{554EC97F-33A5-D009-5A3E-E75919379B71}"
EndProject
Project("{FAE04EC0-301F-11D3-BF4B-00C04F79EFBC}") = "ArraysAndListsCS", "Transition_From_C#_To_Python_LinkedInLearning\Exercise Files\Ch4\ArraysAndLists\ArraysAndListsCS\ArraysAndListsCS.csproj", "{94FA74B5-60BB-8291-0AE5-B0F3062D4FF4}"
EndProject
Project("{2150E333-8FDC-42A3-9474-1A3956D46DE8}") = "Dictionaries", "Dictionaries", "{5AC7B0F9-25E8-CF9F-12E9-BCE00955C7C9}"
EndProject
Project("{FAE04EC0-301F-11D3-BF4B-00C04F79EFBC}") = "DictionariesCS", "Transition_From_C#_To_Python_LinkedInLearning\Exercise Files\Ch4\Dictionaries\DictionariesCS\DictionariesCS.csproj", "{60CE216C-BD54-0453-7BFD-99BE6504E021}"
EndProject
Project("{2150E333-8FDC-42A3-9474-1A3956D46DE8}") = "Ch5", "Ch5", "{AD13E2FA-F192-208F-AE8F-3B8A95A8EF3F}"
EndProject
Project("{2150E333-8FDC-42A3-9474-1A3956D46DE8}") = "Challenge", "Challenge", "{0873ACBF-60BC-8D43-24AE-8EF92929945F}"
EndProject
Project("{FAE04EC0-301F-11D3-BF4B-00C04F79EFBC}") = "ChallengeCS", "Transition_From_C#_To_Python_LinkedInLearning\Exercise Files\Ch5\Challenge\ChallengeCS\ChallengeCS.csproj", "{A023AB3E-C7E5-25AC-94ED-71366F2D6202}"
EndProject
Project("{2150E333-8FDC-42A3-9474-1A3956D46DE8}") = "Exceptions", "Exceptions", "{56D3AF69-C534-A193-DB4F-7438EE2EB7CE}"
EndProject
Project("{FAE04EC0-301F-11D3-BF4B-00C04F79EFBC}") = "ExceptionsCS", "Transition_From_C#_To_Python_LinkedInLearning\Exercise Files\Ch5\Exceptions\ExceptionsCS\ExceptionsCS.csproj", "{E8EA52EF-417D-F909-E2A7-DB7DD846A4EF}"
EndProject
Project("{2150E333-8FDC-42A3-9474-1A3956D46DE8}") = "Scopes", "Scopes", "{5A942F15-4840-06E9-8210-9CEAEAE7CB9A}"
EndProject
Project("{FAE04EC0-301F-11D3-BF4B-00C04F79EFBC}") = "ScopesCS", "Transition_From_C#_To_Python_LinkedInLearning\Exercise Files\Ch5\Scopes\ScopesCS\ScopesCS.csproj", "{0E267EBA-97E1-85B4-83A9-6676B39BE5F6}"
EndProject
Project("{2150E333-8FDC-42A3-9474-1A3956D46DE8}") = "Strings", "Strings", "{4174855F-3377-BD1D-BF67-1E84A646B2AD}"
EndProject
Project("{FAE04EC0-301F-11D3-BF4B-00C04F79EFBC}") = "StringsCS", "Transition_From_C#_To_Python_LinkedInLearning\Exercise Files\Ch5\Strings\StringsCS\StringsCS.csproj", "{BAE58BFF-DCC7-3063-CF07-7A5BF5746B50}"
EndProject
Global
	GlobalSection(SolutionConfigurationPlatforms) = preSolution
		Debug|Any CPU = Debug|Any CPU
		Release|Any CPU = Release|Any CPU
	EndGlobalSection
	GlobalSection(ProjectConfigurationPlatforms) = postSolution
		{E3FE6CFE-60D4-7184-0C16-142BA546A532}.Debug|Any CPU.ActiveCfg = Debug|Any CPU
		{E3FE6CFE-60D4-7184-0C16-142BA546A532}.Debug|Any CPU.Build.0 = Debug|Any CPU
		{E3FE6CFE-60D4-7184-0C16-142BA546A532}.Release|Any CPU.ActiveCfg = Release|Any CPU
		{E3FE6CFE-60D4-7184-0C16-142BA546A532}.Release|Any CPU.Build.0 = Release|Any CPU
		{39D8CD5A-4E73-0BEF-E600-4EEABFDAE929}.Debug|Any CPU.ActiveCfg = Debug|Any CPU
		{39D8CD5A-4E73-0BEF-E600-4EEABFDAE929}.Debug|Any CPU.Build.0 = Debug|Any CPU
		{39D8CD5A-4E73-0BEF-E600-4EEABFDAE929}.Release|Any CPU.ActiveCfg = Release|Any CPU
		{39D8CD5A-4E73-0BEF-E600-4EEABFDAE929}.Release|Any CPU.Build.0 = Release|Any CPU
		{20524B2F-C504-B6EF-CCF0-10E82B27101F}.Debug|Any CPU.ActiveCfg = Debug|Any CPU
		{20524B2F-C504-B6EF-CCF0-10E82B27101F}.Debug|Any CPU.Build.0 = Debug|Any CPU
		{20524B2F-C504-B6EF-CCF0-10E82B27101F}.Release|Any CPU.ActiveCfg = Release|Any CPU
		{20524B2F-C504-B6EF-CCF0-10E82B27101F}.Release|Any CPU.Build.0 = Release|Any CPU
		{18EE9D3D-E3A3-5221-2FF1-E163A027F428}.Debug|Any CPU.ActiveCfg = Debug|Any CPU
		{18EE9D3D-E3A3-5221-2FF1-E163A027F428}.Debug|Any CPU.Build.0 = Debug|Any CPU
		{18EE9D3D-E3A3-5221-2FF1-E163A027F428}.Release|Any CPU.ActiveCfg = Release|Any CPU
		{18EE9D3D-E3A3-5221-2FF1-E163A027F428}.Release|Any CPU.Build.0 = Release|Any CPU
		{09A68DB1-E338-C87F-1AEE-556CE55EA738}.Debug|Any CPU.ActiveCfg = Debug|Any CPU
		{09A68DB1-E338-C87F-1AEE-556CE55EA738}.Debug|Any CPU.Build.0 = Debug|Any CPU
		{09A68DB1-E338-C87F-1AEE-556CE55EA738}.Release|Any CPU.ActiveCfg = Release|Any CPU
		{09A68DB1-E338-C87F-1AEE-556CE55EA738}.Release|Any CPU.Build.0 = Release|Any CPU
		{447DE24B-0712-8DE4-B85B-5C0C1ECC38AC}.Debug|Any CPU.ActiveCfg = Debug|Any CPU
		{447DE24B-0712-8DE4-B85B-5C0C1ECC38AC}.Debug|Any CPU.Build.0 = Debug|Any CPU
		{447DE24B-0712-8DE4-B85B-5C0C1ECC38AC}.Release|Any CPU.ActiveCfg = Release|Any CPU
		{447DE24B-0712-8DE4-B85B-5C0C1ECC38AC}.Release|Any CPU.Build.0 = Release|Any CPU
		{887E04D1-7097-46A9-86B3-F9F39FB3DFE1}.Debug|Any CPU.ActiveCfg = Debug|Any CPU
		{887E04D1-7097-46A9-86B3-F9F39FB3DFE1}.Debug|Any CPU.Build.0 = Debug|Any CPU
		{887E04D1-7097-46A9-86B3-F9F39FB3DFE1}.Release|Any CPU.ActiveCfg = Release|Any CPU
		{887E04D1-7097-46A9-86B3-F9F39FB3DFE1}.Release|Any CPU.Build.0 = Release|Any CPU
		{25BA979E-A775-FD6C-95B7-0E42F9C268AC}.Debug|Any CPU.ActiveCfg = Debug|Any CPU
		{25BA979E-A775-FD6C-95B7-0E42F9C268AC}.Debug|Any CPU.Build.0 = Debug|Any CPU
		{25BA979E-A775-FD6C-95B7-0E42F9C268AC}.Release|Any CPU.ActiveCfg = Release|Any CPU
		{25BA979E-A775-FD6C-95B7-0E42F9C268AC}.Release|Any CPU.Build.0 = Release|Any CPU
		{C2F360FD-426E-3F42-16E6-8FD6DEDDB370}.Debug|Any CPU.ActiveCfg = Debug|Any CPU
		{C2F360FD-426E-3F42-16E6-8FD6DEDDB370}.Debug|Any CPU.Build.0 = Debug|Any CPU
		{C2F360FD-426E-3F42-16E6-8FD6DEDDB370}.Release|Any CPU.ActiveCfg = Release|Any CPU
		{C2F360FD-426E-3F42-16E6-8FD6DEDDB370}.Release|Any CPU.Build.0 = Release|Any CPU
		{91375555-9FC9-BA46-EC08-40B1FB3B603C}.Debug|Any CPU.ActiveCfg = Debug|Any CPU
		{91375555-9FC9-BA46-EC08-40B1FB3B603C}.Debug|Any CPU.Build.0 = Debug|Any CPU
		{91375555-9FC9-BA46-EC08-40B1FB3B603C}.Release|Any CPU.ActiveCfg = Release|Any CPU
		{91375555-9FC9-BA46-EC08-40B1FB3B603C}.Release|Any CPU.Build.0 = Release|Any CPU
		{ED784744-E257-8938-6A1A-0D10A130091A}.Debug|Any CPU.ActiveCfg = Debug|Any CPU
		{ED784744-E257-8938-6A1A-0D10A130091A}.Debug|Any CPU.Build.0 = Debug|Any CPU
		{ED784744-E257-8938-6A1A-0D10A130091A}.Release|Any CPU.ActiveCfg = Release|Any CPU
		{ED784744-E257-8938-6A1A-0D10A130091A}.Release|Any CPU.Build.0 = Release|Any CPU
		{94FA74B5-60BB-8291-0AE5-B0F3062D4FF4}.Debug|Any CPU.ActiveCfg = Debug|Any CPU
		{94FA74B5-60BB-8291-0AE5-B0F3062D4FF4}.Debug|Any CPU.Build.0 = Debug|Any CPU
		{94FA74B5-60BB-8291-0AE5-B0F3062D4FF4}.Release|Any CPU.ActiveCfg = Release|Any CPU
		{94FA74B5-60BB-8291-0AE5-B0F3062D4FF4}.Release|Any CPU.Build.0 = Release|Any CPU
		{60CE216C-BD54-0453-7BFD-99BE6504E021}.Debug|Any CPU.ActiveCfg = Debug|Any CPU
		{60CE216C-BD54-0453-7BFD-99BE6504E021}.Debug|Any CPU.Build.0 = Debug|Any CPU
		{60CE216C-BD54-0453-7BFD-99BE6504E021}.Release|Any CPU.ActiveCfg = Release|Any CPU
		{60CE216C-BD54-0453-7BFD-99BE6504E021}.Release|Any CPU.Build.0 = Release|Any CPU
		{A023AB3E-C7E5-25AC-94ED-71366F2D6202}.Debug|Any CPU.ActiveCfg = Debug|Any CPU
		{A023AB3E-C7E5-25AC-94ED-71366F2D6202}.Debug|Any CPU.Build.0 = Debug|Any CPU
		{A023AB3E-C7E5-25AC-94ED-71366F2D6202}.Release|Any CPU.ActiveCfg = Release|Any CPU
		{A023AB3E-C7E5-25AC-94ED-71366F2D6202}.Release|Any CPU.Build.0 = Release|Any CPU
		{E8EA52EF-417D-F909-E2A7-DB7DD846A4EF}.Debug|Any CPU.ActiveCfg = Debug|Any CPU
		{E8EA52EF-417D-F909-E2A7-DB7DD846A4EF}.Debug|Any CPU.Build.0 = Debug|Any CPU
		{E8EA52EF-417D-F909-E2A7-DB7DD846A4EF}.Release|Any CPU.ActiveCfg = Release|Any CPU
		{E8EA52EF-417D-F909-E2A7-DB7DD846A4EF}.Release|Any CPU.Build.0 = Release|Any CPU
		{0E267EBA-97E1-85B4-83A9-6676B39BE5F6}.Debug|Any CPU.ActiveCfg = Debug|Any CPU
		{0E267EBA-97E1-85B4-83A9-6676B39BE5F6}.Debug|Any CPU.Build.0 = Debug|Any CPU
		{0E267EBA-97E1-85B4-83A9-6676B39BE5F6}.Release|Any CPU.ActiveCfg = Release|Any CPU
		{0E267EBA-97E1-85B4-83A9-6676B39BE5F6}.Release|Any CPU.Build.0 = Release|Any CPU
		{BAE58BFF-DCC7-3063-CF07-7A5BF5746B50}.Debug|Any CPU.ActiveCfg = Debug|Any CPU
		{BAE58BFF-DCC7-3063-CF07-7A5BF5746B50}.Debug|Any CPU.Build.0 = Debug|Any CPU
		{BAE58BFF-DCC7-3063-CF07-7A5BF5746B50}.Release|Any CPU.ActiveCfg = Release|Any CPU
		{BAE58BFF-DCC7-3063-CF07-7A5BF5746B50}.Release|Any CPU.Build.0 = Release|Any CPU
	EndGlobalSection
	GlobalSection(SolutionProperties) = preSolution
		HideSolutionNode = FALSE
	EndGlobalSection
	GlobalSection(NestedProjects) = preSolution
		{F7B506C5-6CAA-9171-4F86-342739A23851} = {E7E98C3E-20C0-0256-FD06-B41DB440B151}
		{E04A05E1-DA25-FC16-160C-63B1C6334AC8} = {F7B506C5-6CAA-9171-4F86-342739A23851}
		{E3FE6CFE-60D4-7184-0C16-142BA546A532} = {E04A05E1-DA25-FC16-160C-63B1C6334AC8}
		{AB818181-6885-8C8A-513E-5571729A628F} = {F7B506C5-6CAA-9171-4F86-342739A23851}
		{A1FA5C26-22A4-7A83-E5C4-4DD179043B35} = {AB818181-6885-8C8A-513E-5571729A628F}
		{39D8CD5A-4E73-0BEF-E600-4EEABFDAE929} = {A1FA5C26-22A4-7A83-E5C4-4DD179043B35}
		{73FF85DE-6789-2B2D-139C-4A0116351C1E} = {AB818181-6885-8C8A-513E-5571729A628F}
		{20524B2F-C504-B6EF-CCF0-10E82B27101F} = {73FF85DE-6789-2B2D-139C-4A0116351C1E}
		{FBDDF969-5F2F-6108-7530-671A2329E9F0} = {AB818181-6885-8C8A-513E-5571729A628F}
		{18EE9D3D-E3A3-5221-2FF1-E163A027F428} = {FBDDF969-5F2F-6108-7530-671A2329E9F0}
		{8BDC7D26-89E6-1A9E-C370-5B3C2F82A52C} = {AB818181-6885-8C8A-513E-5571729A628F}
		{09A68DB1-E338-C87F-1AEE-556CE55EA738} = {8BDC7D26-89E6-1A9E-C370-5B3C2F82A52C}
		{A2AC91EA-14A5-8F5D-71F1-E43999995B1B} = {AB818181-6885-8C8A-513E-5571729A628F}
		{447DE24B-0712-8DE4-B85B-5C0C1ECC38AC} = {A2AC91EA-14A5-8F5D-71F1-E43999995B1B}
		{8D84B1CB-A93E-E709-25C6-D6C9E08C7887} = {F7B506C5-6CAA-9171-4F86-342739A23851}
		{3A51F8A4-388E-8200-0DA3-2414CC8FB4D3} = {8D84B1CB-A93E-E709-25C6-D6C9E08C7887}
		{887E04D1-7097-46A9-86B3-F9F39FB3DFE1} = {3A51F8A4-388E-8200-0DA3-2414CC8FB4D3}
		{974D990A-1473-44CD-63DE-79A9AE2F1A60} = {8D84B1CB-A93E-E709-25C6-D6C9E08C7887}
		{25BA979E-A775-FD6C-95B7-0E42F9C268AC} = {974D990A-1473-44CD-63DE-79A9AE2F1A60}
		{27913D5B-2BE4-1BFB-AF13-03A5EA33B669} = {8D84B1CB-A93E-E709-25C6-D6C9E08C7887}
		{C2F360FD-426E-3F42-16E6-8FD6DEDDB370} = {27913D5B-2BE4-1BFB-AF13-03A5EA33B669}
		{EDF83802-EFAF-92DF-4863-95C255DF5282} = {8D84B1CB-A93E-E709-25C6-D6C9E08C7887}
		{91375555-9FC9-BA46-EC08-40B1FB3B603C} = {EDF83802-EFAF-92DF-4863-95C255DF5282}
		{4AE345BC-7898-6B14-8E89-6A129CFA8173} = {8D84B1CB-A93E-E709-25C6-D6C9E08C7887}
		{ED784744-E257-8938-6A1A-0D10A130091A} = {4AE345BC-7898-6B14-8E89-6A129CFA8173}
		{508D721E-893D-1643-E8B6-756201B2D46C} = {F7B506C5-6CAA-9171-4F86-342739A23851}
		{554EC97F-33A5-D009-5A3E-E75919379B71} = {508D721E-893D-1643-E8B6-756201B2D46C}
		{94FA74B5-60BB-8291-0AE5-B0F3062D4FF4} = {554EC97F-33A5-D009-5A3E-E75919379B71}
		{5AC7B0F9-25E8-CF9F-12E9-BCE00955C7C9} = {508D721E-893D-1643-E8B6-756201B2D46C}
		{60CE216C-BD54-0453-7BFD-99BE6504E021} = {5AC7B0F9-25E8-CF9F-12E9-BCE00955C7C9}
		{AD13E2FA-F192-208F-AE8F-3B8A95A8EF3F} = {F7B506C5-6CAA-9171-4F86-342739A23851}
		{0873ACBF-60BC-8D43-24AE-8EF92929945F} = {AD13E2FA-F192-208F-AE8F-3B8A95A8EF3F}
		{A023AB3E-C7E5-25AC-94ED-71366F2D6202} = {0873ACBF-60BC-8D43-24AE-8EF92929945F}
		{56D3AF69-C534-A193-DB4F-7438EE2EB7CE} = {AD13E2FA-F192-208F-AE8F-3B8A95A8EF3F}
		{E8EA52EF-417D-F909-E2A7-DB7DD846A4EF} = {56D3AF69-C534-A193-DB4F-7438EE2EB7CE}
		{5A942F15-4840-06E9-8210-9CEAEAE7CB9A} = {AD13E2FA-F192-208F-AE8F-3B8A95A8EF3F}
		{0E267EBA-97E1-85B4-83A9-6676B39BE5F6} = {5A942F15-4840-06E9-8210-9CEAEAE7CB9A}
		{4174855F-3377-BD1D-BF67-1E84A646B2AD} = {AD13E2FA-F192-208F-AE8F-3B8A95A8EF3F}
		{BAE58BFF-DCC7-3063-CF07-7A5BF5746B50} = {4174855F-3377-BD1D-BF67-1E84A646B2AD}
	EndGlobalSection
	GlobalSection(ExtensibilityGlobals) = postSolution
<<<<<<< HEAD
		SolutionGuid = {2F198A1E-9957-420E-BE2E-EAF98A5CEED9}
=======
		SolutionGuid = {DE5AE63F-76DC-4CD1-855B-3FA44FBAB71F}
>>>>>>> 639c3c1c9c335097ada84677fdc5c2c0302ffa49
	EndGlobalSection
EndGlobal
